// !$*UTF8*$!
{
	archiveVersion = 1;
	classes = {
	};
	objectVersion = 55;
	objects = {

/* Begin PBXBuildFile section */
		5D5EC4C6279ECE600095334B /* WeatherRowView.swift in Sources */ = {isa = PBXBuildFile; fileRef = 5D5EC4C5279ECE600095334B /* WeatherRowView.swift */; };
		5D7C5FF927969D410099E22B /* WeatherAppApp.swift in Sources */ = {isa = PBXBuildFile; fileRef = 5D7C5FF827969D410099E22B /* WeatherAppApp.swift */; };
		5D7C5FFB27969D410099E22B /* ContentView.swift in Sources */ = {isa = PBXBuildFile; fileRef = 5D7C5FFA27969D410099E22B /* ContentView.swift */; };
		5D7C5FFD27969D460099E22B /* Assets.xcassets in Resources */ = {isa = PBXBuildFile; fileRef = 5D7C5FFC27969D460099E22B /* Assets.xcassets */; };
		5D7C600027969D460099E22B /* Preview Assets.xcassets in Resources */ = {isa = PBXBuildFile; fileRef = 5D7C5FFF27969D460099E22B /* Preview Assets.xcassets */; };
		5D7C600827969DC10099E22B /* LocationManager.swift in Sources */ = {isa = PBXBuildFile; fileRef = 5D7C600727969DC10099E22B /* LocationManager.swift */; };
		5DD82F3E27971AD70080298F /* WelcomeView.swift in Sources */ = {isa = PBXBuildFile; fileRef = 5DD82F3D27971AD70080298F /* WelcomeView.swift */; };
		5DF732DE27983C9600B4BCFE /* LoaderView.swift in Sources */ = {isa = PBXBuildFile; fileRef = 5DF732DD27983C9600B4BCFE /* LoaderView.swift */; };
		5DF732E027983EE000B4BCFE /* WeatherManager.swift in Sources */ = {isa = PBXBuildFile; fileRef = 5DF732DF27983EE000B4BCFE /* WeatherManager.swift */; };
		5DF732E32798427800B4BCFE /* ResposeBody.swift in Sources */ = {isa = PBXBuildFile; fileRef = 5DF732E22798427800B4BCFE /* ResposeBody.swift */; };
		5DF732E5279847D700B4BCFE /* WeatherView.swift in Sources */ = {isa = PBXBuildFile; fileRef = 5DF732E4279847D700B4BCFE /* WeatherView.swift */; };
		5DF732E72798493200B4BCFE /* ModelData.swift in Sources */ = {isa = PBXBuildFile; fileRef = 5DF732E62798493200B4BCFE /* ModelData.swift */; };
		5DF732E92798499900B4BCFE /* weatherData.json in Resources */ = {isa = PBXBuildFile; fileRef = 5DF732E82798499900B4BCFE /* weatherData.json */; };
		5DF732EB27984A8A00B4BCFE /* Extensions.swift in Sources */ = {isa = PBXBuildFile; fileRef = 5DF732EA27984A8A00B4BCFE /* Extensions.swift */; };
/* End PBXBuildFile section */

/* Begin PBXFileReference section */
		5D5EC4C5279ECE600095334B /* WeatherRowView.swift */ = {isa = PBXFileReference; lastKnownFileType = sourcecode.swift; path = WeatherRowView.swift; sourceTree = "<group>"; };
		5D5EC4C7279ED97B0095334B /* WeatherApp.entitlements */ = {isa = PBXFileReference; lastKnownFileType = text.plist.entitlements; path = WeatherApp.entitlements; sourceTree = "<group>"; };
		5D7C5FF527969D410099E22B /* WeatherApp.app */ = {isa = PBXFileReference; explicitFileType = wrapper.application; includeInIndex = 0; path = WeatherApp.app; sourceTree = BUILT_PRODUCTS_DIR; };
		5D7C5FF827969D410099E22B /* WeatherAppApp.swift */ = {isa = PBXFileReference; lastKnownFileType = sourcecode.swift; path = WeatherAppApp.swift; sourceTree = "<group>"; };
		5D7C5FFA27969D410099E22B /* ContentView.swift */ = {isa = PBXFileReference; lastKnownFileType = sourcecode.swift; path = ContentView.swift; sourceTree = "<group>"; };
		5D7C5FFC27969D460099E22B /* Assets.xcassets */ = {isa = PBXFileReference; lastKnownFileType = folder.assetcatalog; path = Assets.xcassets; sourceTree = "<group>"; };
		5D7C5FFF27969D460099E22B /* Preview Assets.xcassets */ = {isa = PBXFileReference; lastKnownFileType = folder.assetcatalog; path = "Preview Assets.xcassets"; sourceTree = "<group>"; };
		5D7C600727969DC10099E22B /* LocationManager.swift */ = {isa = PBXFileReference; lastKnownFileType = sourcecode.swift; path = LocationManager.swift; sourceTree = "<group>"; };
		5DD82F3D27971AD70080298F /* WelcomeView.swift */ = {isa = PBXFileReference; lastKnownFileType = sourcecode.swift; path = WelcomeView.swift; sourceTree = "<group>"; };
		5DF732DD27983C9600B4BCFE /* LoaderView.swift */ = {isa = PBXFileReference; lastKnownFileType = sourcecode.swift; path = LoaderView.swift; sourceTree = "<group>"; };
		5DF732DF27983EE000B4BCFE /* WeatherManager.swift */ = {isa = PBXFileReference; lastKnownFileType = sourcecode.swift; path = WeatherManager.swift; sourceTree = "<group>"; };
		5DF732E22798427800B4BCFE /* ResposeBody.swift */ = {isa = PBXFileReference; lastKnownFileType = sourcecode.swift; path = ResposeBody.swift; sourceTree = "<group>"; };
		5DF732E4279847D700B4BCFE /* WeatherView.swift */ = {isa = PBXFileReference; lastKnownFileType = sourcecode.swift; path = WeatherView.swift; sourceTree = "<group>"; };
		5DF732E62798493200B4BCFE /* ModelData.swift */ = {isa = PBXFileReference; lastKnownFileType = sourcecode.swift; path = ModelData.swift; sourceTree = "<group>"; };
		5DF732E82798499900B4BCFE /* weatherData.json */ = {isa = PBXFileReference; lastKnownFileType = text.json; path = weatherData.json; sourceTree = "<group>"; };
		5DF732EA27984A8A00B4BCFE /* Extensions.swift */ = {isa = PBXFileReference; lastKnownFileType = sourcecode.swift; path = Extensions.swift; sourceTree = "<group>"; };
/* End PBXFileReference section */

/* Begin PBXFrameworksBuildPhase section */
		5D7C5FF227969D410099E22B /* Frameworks */ = {
			isa = PBXFrameworksBuildPhase;
			buildActionMask = 2147483647;
			files = (
			);
			runOnlyForDeploymentPostprocessing = 0;
		};
/* End PBXFrameworksBuildPhase section */

/* Begin PBXGroup section */
		5D7C5FEC27969D410099E22B = {
			isa = PBXGroup;
			children = (
				5D7C5FF727969D410099E22B /* WeatherApp */,
				5D7C5FF627969D410099E22B /* Products */,
			);
			sourceTree = "<group>";
		};
		5D7C5FF627969D410099E22B /* Products */ = {
			isa = PBXGroup;
			children = (
				5D7C5FF527969D410099E22B /* WeatherApp.app */,
			);
			name = Products;
			sourceTree = "<group>";
		};
		5D7C5FF727969D410099E22B /* WeatherApp */ = {
			isa = PBXGroup;
			children = (
				5D5EC4C7279ED97B0095334B /* WeatherApp.entitlements */,
				5DF732EA27984A8A00B4BCFE /* Extensions.swift */,
				5DF732E12798426A00B4BCFE /* Model */,
				5DD82F3C2797195B0080298F /* Views */,
				5D7C600627969DAE0099E22B /* Managers */,
				5D7C5FF827969D410099E22B /* WeatherAppApp.swift */,
				5D7C5FFC27969D460099E22B /* Assets.xcassets */,
				5D7C5FFE27969D460099E22B /* Preview Content */,
			);
			path = WeatherApp;
			sourceTree = "<group>";
		};
		5D7C5FFE27969D460099E22B /* Preview Content */ = {
			isa = PBXGroup;
			children = (
				5D7C5FFF27969D460099E22B /* Preview Assets.xcassets */,
				5DF732E62798493200B4BCFE /* ModelData.swift */,
				5DF732E82798499900B4BCFE /* weatherData.json */,
			);
			path = "Preview Content";
			sourceTree = "<group>";
		};
		5D7C600627969DAE0099E22B /* Managers */ = {
			isa = PBXGroup;
			children = (
				5D7C600727969DC10099E22B /* LocationManager.swift */,
				5DF732DF27983EE000B4BCFE /* WeatherManager.swift */,
			);
			path = Managers;
			sourceTree = "<group>";
		};
		5DD82F3C2797195B0080298F /* Views */ = {
			isa = PBXGroup;
			children = (
				5D7C5FFA27969D410099E22B /* ContentView.swift */,
				5DD82F3D27971AD70080298F /* WelcomeView.swift */,
				5DF732DD27983C9600B4BCFE /* LoaderView.swift */,
				5DF732E4279847D700B4BCFE /* WeatherView.swift */,
				5D5EC4C5279ECE600095334B /* WeatherRowView.swift */,
			);
			path = Views;
			sourceTree = "<group>";
		};
		5DF732E12798426A00B4BCFE /* Model */ = {
			isa = PBXGroup;
			children = (
				5DF732E22798427800B4BCFE /* ResposeBody.swift */,
			);
			path = Model;
			sourceTree = "<group>";
		};
/* End PBXGroup section */

/* Begin PBXNativeTarget section */
		5D7C5FF427969D410099E22B /* WeatherApp */ = {
			isa = PBXNativeTarget;
			buildConfigurationList = 5D7C600327969D460099E22B /* Build configuration list for PBXNativeTarget "WeatherApp" */;
			buildPhases = (
				5D7C5FF127969D410099E22B /* Sources */,
				5D7C5FF227969D410099E22B /* Frameworks */,
				5D7C5FF327969D410099E22B /* Resources */,
			);
			buildRules = (
			);
			dependencies = (
			);
			name = WeatherApp;
			productName = WeatherApp;
			productReference = 5D7C5FF527969D410099E22B /* WeatherApp.app */;
			productType = "com.apple.product-type.application";
		};
/* End PBXNativeTarget section */

/* Begin PBXProject section */
		5D7C5FED27969D410099E22B /* Project object */ = {
			isa = PBXProject;
			attributes = {
				BuildIndependentTargetsInParallel = 1;
				LastSwiftUpdateCheck = 1310;
				LastUpgradeCheck = 1310;
				TargetAttributes = {
					5D7C5FF427969D410099E22B = {
						CreatedOnToolsVersion = 13.1;
					};
				};
			};
			buildConfigurationList = 5D7C5FF027969D410099E22B /* Build configuration list for PBXProject "WeatherApp" */;
			compatibilityVersion = "Xcode 13.0";
			developmentRegion = en;
			hasScannedForEncodings = 0;
			knownRegions = (
				en,
				Base,
			);
			mainGroup = 5D7C5FEC27969D410099E22B;
			productRefGroup = 5D7C5FF627969D410099E22B /* Products */;
			projectDirPath = "";
			projectRoot = "";
			targets = (
				5D7C5FF427969D410099E22B /* WeatherApp */,
			);
		};
/* End PBXProject section */

/* Begin PBXResourcesBuildPhase section */
		5D7C5FF327969D410099E22B /* Resources */ = {
			isa = PBXResourcesBuildPhase;
			buildActionMask = 2147483647;
			files = (
				5D7C600027969D460099E22B /* Preview Assets.xcassets in Resources */,
				5DF732E92798499900B4BCFE /* weatherData.json in Resources */,
				5D7C5FFD27969D460099E22B /* Assets.xcassets in Resources */,
			);
			runOnlyForDeploymentPostprocessing = 0;
		};
/* End PBXResourcesBuildPhase section */

/* Begin PBXSourcesBuildPhase section */
		5D7C5FF127969D410099E22B /* Sources */ = {
			isa = PBXSourcesBuildPhase;
			buildActionMask = 2147483647;
			files = (
				5DF732E027983EE000B4BCFE /* WeatherManager.swift in Sources */,
				5D7C5FFB27969D410099E22B /* ContentView.swift in Sources */,
				5DF732E72798493200B4BCFE /* ModelData.swift in Sources */,
				5D7C5FF927969D410099E22B /* WeatherAppApp.swift in Sources */,
				5DF732DE27983C9600B4BCFE /* LoaderView.swift in Sources */,
				5DF732EB27984A8A00B4BCFE /* Extensions.swift in Sources */,
				5D7C600827969DC10099E22B /* LocationManager.swift in Sources */,
				5DD82F3E27971AD70080298F /* WelcomeView.swift in Sources */,
				5DF732E32798427800B4BCFE /* ResposeBody.swift in Sources */,
				5DF732E5279847D700B4BCFE /* WeatherView.swift in Sources */,
				5D5EC4C6279ECE600095334B /* WeatherRowView.swift in Sources */,
			);
			runOnlyForDeploymentPostprocessing = 0;
		};
/* End PBXSourcesBuildPhase section */

/* Begin XCBuildConfiguration section */
		5D7C600127969D460099E22B /* Debug */ = {
			isa = XCBuildConfiguration;
			buildSettings = {
				ALWAYS_SEARCH_USER_PATHS = NO;
				CLANG_ANALYZER_NONNULL = YES;
				CLANG_ANALYZER_NUMBER_OBJECT_CONVERSION = YES_AGGRESSIVE;
				CLANG_CXX_LANGUAGE_STANDARD = "gnu++17";
				CLANG_CXX_LIBRARY = "libc++";
				CLANG_ENABLE_MODULES = YES;
				CLANG_ENABLE_OBJC_ARC = YES;
				CLANG_ENABLE_OBJC_WEAK = YES;
				CLANG_WARN_BLOCK_CAPTURE_AUTORELEASING = YES;
				CLANG_WARN_BOOL_CONVERSION = YES;
				CLANG_WARN_COMMA = YES;
				CLANG_WARN_CONSTANT_CONVERSION = YES;
				CLANG_WARN_DEPRECATED_OBJC_IMPLEMENTATIONS = YES;
				CLANG_WARN_DIRECT_OBJC_ISA_USAGE = YES_ERROR;
				CLANG_WARN_DOCUMENTATION_COMMENTS = YES;
				CLANG_WARN_EMPTY_BODY = YES;
				CLANG_WARN_ENUM_CONVERSION = YES;
				CLANG_WARN_INFINITE_RECURSION = YES;
				CLANG_WARN_INT_CONVERSION = YES;
				CLANG_WARN_NON_LITERAL_NULL_CONVERSION = YES;
				CLANG_WARN_OBJC_IMPLICIT_RETAIN_SELF = YES;
				CLANG_WARN_OBJC_LITERAL_CONVERSION = YES;
				CLANG_WARN_OBJC_ROOT_CLASS = YES_ERROR;
				CLANG_WARN_QUOTED_INCLUDE_IN_FRAMEWORK_HEADER = YES;
				CLANG_WARN_RANGE_LOOP_ANALYSIS = YES;
				CLANG_WARN_STRICT_PROTOTYPES = YES;
				CLANG_WARN_SUSPICIOUS_MOVE = YES;
				CLANG_WARN_UNGUARDED_AVAILABILITY = YES_AGGRESSIVE;
				CLANG_WARN_UNREACHABLE_CODE = YES;
				CLANG_WARN__DUPLICATE_METHOD_MATCH = YES;
				COPY_PHASE_STRIP = NO;
				DEBUG_INFORMATION_FORMAT = dwarf;
				ENABLE_STRICT_OBJC_MSGSEND = YES;
				ENABLE_TESTABILITY = YES;
				GCC_C_LANGUAGE_STANDARD = gnu11;
				GCC_DYNAMIC_NO_PIC = NO;
				GCC_NO_COMMON_BLOCKS = YES;
				GCC_OPTIMIZATION_LEVEL = 0;
				GCC_PREPROCESSOR_DEFINITIONS = (
					"DEBUG=1",
					"$(inherited)",
				);
				GCC_WARN_64_TO_32_BIT_CONVERSION = YES;
				GCC_WARN_ABOUT_RETURN_TYPE = YES_ERROR;
				GCC_WARN_UNDECLARED_SELECTOR = YES;
				GCC_WARN_UNINITIALIZED_AUTOS = YES_AGGRESSIVE;
				GCC_WARN_UNUSED_FUNCTION = YES;
				GCC_WARN_UNUSED_VARIABLE = YES;
				IPHONEOS_DEPLOYMENT_TARGET = 15.0;
				MTL_ENABLE_DEBUG_INFO = INCLUDE_SOURCE;
				MTL_FAST_MATH = YES;
				ONLY_ACTIVE_ARCH = YES;
				SDKROOT = iphoneos;
				SWIFT_ACTIVE_COMPILATION_CONDITIONS = DEBUG;
				SWIFT_OPTIMIZATION_LEVEL = "-Onone";
			};
			name = Debug;
		};
		5D7C600227969D460099E22B /* Release */ = {
			isa = XCBuildConfiguration;
			buildSettings = {
				ALWAYS_SEARCH_USER_PATHS = NO;
				CLANG_ANALYZER_NONNULL = YES;
				CLANG_ANALYZER_NUMBER_OBJECT_CONVERSION = YES_AGGRESSIVE;
				CLANG_CXX_LANGUAGE_STANDARD = "gnu++17";
				CLANG_CXX_LIBRARY = "libc++";
				CLANG_ENABLE_MODULES = YES;
				CLANG_ENABLE_OBJC_ARC = YES;
				CLANG_ENABLE_OBJC_WEAK = YES;
				CLANG_WARN_BLOCK_CAPTURE_AUTORELEASING = YES;
				CLANG_WARN_BOOL_CONVERSION = YES;
				CLANG_WARN_COMMA = YES;
				CLANG_WARN_CONSTANT_CONVERSION = YES;
				CLANG_WARN_DEPRECATED_OBJC_IMPLEMENTATIONS = YES;
				CLANG_WARN_DIRECT_OBJC_ISA_USAGE = YES_ERROR;
				CLANG_WARN_DOCUMENTATION_COMMENTS = YES;
				CLANG_WARN_EMPTY_BODY = YES;
				CLANG_WARN_ENUM_CONVERSION = YES;
				CLANG_WARN_INFINITE_RECURSION = YES;
				CLANG_WARN_INT_CONVERSION = YES;
				CLANG_WARN_NON_LITERAL_NULL_CONVERSION = YES;
				CLANG_WARN_OBJC_IMPLICIT_RETAIN_SELF = YES;
				CLANG_WARN_OBJC_LITERAL_CONVERSION = YES;
				CLANG_WARN_OBJC_ROOT_CLASS = YES_ERROR;
				CLANG_WARN_QUOTED_INCLUDE_IN_FRAMEWORK_HEADER = YES;
				CLANG_WARN_RANGE_LOOP_ANALYSIS = YES;
				CLANG_WARN_STRICT_PROTOTYPES = YES;
				CLANG_WARN_SUSPICIOUS_MOVE = YES;
				CLANG_WARN_UNGUARDED_AVAILABILITY = YES_AGGRESSIVE;
				CLANG_WARN_UNREACHABLE_CODE = YES;
				CLANG_WARN__DUPLICATE_METHOD_MATCH = YES;
				COPY_PHASE_STRIP = NO;
				DEBUG_INFORMATION_FORMAT = "dwarf-with-dsym";
				ENABLE_NS_ASSERTIONS = NO;
				ENABLE_STRICT_OBJC_MSGSEND = YES;
				GCC_C_LANGUAGE_STANDARD = gnu11;
				GCC_NO_COMMON_BLOCKS = YES;
				GCC_WARN_64_TO_32_BIT_CONVERSION = YES;
				GCC_WARN_ABOUT_RETURN_TYPE = YES_ERROR;
				GCC_WARN_UNDECLARED_SELECTOR = YES;
				GCC_WARN_UNINITIALIZED_AUTOS = YES_AGGRESSIVE;
				GCC_WARN_UNUSED_FUNCTION = YES;
				GCC_WARN_UNUSED_VARIABLE = YES;
				IPHONEOS_DEPLOYMENT_TARGET = 15.0;
				MTL_ENABLE_DEBUG_INFO = NO;
				MTL_FAST_MATH = YES;
				SDKROOT = iphoneos;
				SWIFT_COMPILATION_MODE = wholemodule;
				SWIFT_OPTIMIZATION_LEVEL = "-O";
				VALIDATE_PRODUCT = YES;
			};
			name = Release;
		};
		5D7C600427969D460099E22B /* Debug */ = {
			isa = XCBuildConfiguration;
			buildSettings = {
				ASSETCATALOG_COMPILER_APPICON_NAME = AppIcon;
				ASSETCATALOG_COMPILER_GLOBAL_ACCENT_COLOR_NAME = AccentColor;
				CODE_SIGN_ENTITLEMENTS = WeatherApp/WeatherApp.entitlements;
				CODE_SIGN_IDENTITY = "Apple Development";
				CODE_SIGN_STYLE = Automatic;
				CURRENT_PROJECT_VERSION = 1;
				DEVELOPMENT_ASSET_PATHS = "\"WeatherApp/Preview Content\"";
				DEVELOPMENT_TEAM = 4Z984D62GH;
				ENABLE_PREVIEWS = YES;
				GENERATE_INFOPLIST_FILE = YES;
				INFOPLIST_KEY_UIApplicationSceneManifest_Generation = YES;
				INFOPLIST_KEY_UIApplicationSupportsIndirectInputEvents = YES;
				INFOPLIST_KEY_UILaunchScreen_Generation = YES;
				INFOPLIST_KEY_UISupportedInterfaceOrientations_iPad = "UIInterfaceOrientationPortrait UIInterfaceOrientationPortraitUpsideDown UIInterfaceOrientationLandscapeLeft UIInterfaceOrientationLandscapeRight";
				INFOPLIST_KEY_UISupportedInterfaceOrientations_iPhone = "UIInterfaceOrientationPortrait UIInterfaceOrientationLandscapeLeft UIInterfaceOrientationLandscapeRight";
				"IPHONEOS_DEPLOYMENT_TARGET[sdk=macosx*]" = 14.7;
				LD_RUNPATH_SEARCH_PATHS = (
					"$(inherited)",
					"@executable_path/Frameworks",
				);
				MARKETING_VERSION = 1.0;
				PRODUCT_BUNDLE_IDENTIFIER = com.harry.WeatherApp;
				PRODUCT_NAME = "$(TARGET_NAME)";
				PROVISIONING_PROFILE_SPECIFIER = "";
				SUPPORTS_MACCATALYST = YES;
				SWIFT_EMIT_LOC_STRINGS = YES;
				SWIFT_VERSION = 5.0;
				TARGETED_DEVICE_FAMILY = "1,2";
			};
			name = Debug;
		};
		5D7C600527969D460099E22B /* Release */ = {
			isa = XCBuildConfiguration;
			buildSettings = {
				ASSETCATALOG_COMPILER_APPICON_NAME = AppIcon;
				ASSETCATALOG_COMPILER_GLOBAL_ACCENT_COLOR_NAME = AccentColor;
				CODE_SIGN_ENTITLEMENTS = WeatherApp/WeatherApp.entitlements;
				CODE_SIGN_IDENTITY = "Apple Development";
				CODE_SIGN_STYLE = Manual;
				CURRENT_PROJECT_VERSION = 1;
				DEVELOPMENT_ASSET_PATHS = "\"WeatherApp/Preview Content\"";
				DEVELOPMENT_TEAM = "";
				ENABLE_PREVIEWS = YES;
				GENERATE_INFOPLIST_FILE = YES;
				INFOPLIST_KEY_UIApplicationSceneManifest_Generation = YES;
				INFOPLIST_KEY_UIApplicationSupportsIndirectInputEvents = YES;
				INFOPLIST_KEY_UILaunchScreen_Generation = YES;
				INFOPLIST_KEY_UISupportedInterfaceOrientations_iPad = "UIInterfaceOrientationPortrait UIInterfaceOrientationPortraitUpsideDown UIInterfaceOrientationLandscapeLeft UIInterfaceOrientationLandscapeRight";
				INFOPLIST_KEY_UISupportedInterfaceOrientations_iPhone = "UIInterfaceOrientationPortrait UIInterfaceOrientationLandscapeLeft UIInterfaceOrientationLandscapeRight";
				"IPHONEOS_DEPLOYMENT_TARGET[sdk=macosx*]" = 14.7;
				LD_RUNPATH_SEARCH_PATHS = (
					"$(inherited)",
					"@executable_path/Frameworks",
				);
				MARKETING_VERSION = 1.0;
				PRODUCT_BUNDLE_IDENTIFIER = com.harry.WeatherApp;
				PRODUCT_NAME = "$(TARGET_NAME)";
				PROVISIONING_PROFILE_SPECIFIER = "";
				SUPPORTS_MACCATALYST = YES;
				SWIFT_EMIT_LOC_STRINGS = YES;
				SWIFT_VERSION = 5.0;
				TARGETED_DEVICE_FAMILY = "1,2";
			};
			name = Release;
		};
/* End XCBuildConfiguration section */

/* Begin XCConfigurationList section */
		5D7C5FF027969D410099E22B /* Build configuration list for PBXProject "WeatherApp" */ = {
			isa = XCConfigurationList;
			buildConfigurations = (
				5D7C600127969D460099E22B /* Debug */,
				5D7C600227969D460099E22B /* Release */,
			);
			defaultConfigurationIsVisible = 0;
			defaultConfigurationName = Release;
		};
		5D7C600327969D460099E22B /* Build configuration list for PBXNativeTarget "WeatherApp" */ = {
			isa = XCConfigurationList;
			buildConfigurations = (
				5D7C600427969D460099E22B /* Debug */,
				5D7C600527969D460099E22B /* Release */,
			);
			defaultConfigurationIsVisible = 0;
			defaultConfigurationName = Release;
		};
/* End XCConfigurationList section */
	};
	rootObject = 5D7C5FED27969D410099E22B /* Project object */;
}
